// !$*UTF8*$!
{
	archiveVersion = 1;
	classes = {
	};
	objectVersion = 46;
	objects = {

/* Begin PBXBuildFile section */
		4115F23DCED86C6FF046DC92 /* Pods_ViaflyProjectUITests.framework in Frameworks */ = {isa = PBXBuildFile; fileRef = 8E414D241B9CE83024918AFA /* Pods_ViaflyProjectUITests.framework */; };
		7040408B5816316955EEBF36 /* Pods_ViaflyProjectTests.framework in Frameworks */ = {isa = PBXBuildFile; fileRef = 171CC04C90E2B68222E1465A /* Pods_ViaflyProjectTests.framework */; };
		80E2E192C88A4E4B93E386A2 /* Pods_ViaflyProject.framework in Frameworks */ = {isa = PBXBuildFile; fileRef = 37C1FD02A546EE19A1EE57EC /* Pods_ViaflyProject.framework */; };
		C353502D1DB846A3008F287A /* CSVImporter.framework in Frameworks */ = {isa = PBXBuildFile; fileRef = C353502C1DB846A3008F287A /* CSVImporter.framework */; };
		C353502F1DB846AB008F287A /* FileKit.framework in Frameworks */ = {isa = PBXBuildFile; fileRef = C353502E1DB846AB008F287A /* FileKit.framework */; };
		C35350311DB846B6008F287A /* HandySwift.framework in Frameworks */ = {isa = PBXBuildFile; fileRef = C35350301DB846B6008F287A /* HandySwift.framework */; };
		C35350331DB84A79008F287A /* ItemModel.swift in Sources */ = {isa = PBXBuildFile; fileRef = C35350321DB84A79008F287A /* ItemModel.swift */; };
		C35350351DB84ACC008F287A /* ItemViewModel.swift in Sources */ = {isa = PBXBuildFile; fileRef = C35350341DB84ACC008F287A /* ItemViewModel.swift */; };
		C366B3CA1DB85F2F00484502 /* CSVImporter.framework in Frameworks */ = {isa = PBXBuildFile; fileRef = C353502C1DB846A3008F287A /* CSVImporter.framework */; };
		C366B3CB1DB85F2F00484502 /* CSVImporter.framework in Embed Frameworks */ = {isa = PBXBuildFile; fileRef = C353502C1DB846A3008F287A /* CSVImporter.framework */; settings = {ATTRIBUTES = (CodeSignOnCopy, RemoveHeadersOnCopy, ); }; };
		C366B3CD1DB85F5100484502 /* FileKit.framework in Frameworks */ = {isa = PBXBuildFile; fileRef = C353502E1DB846AB008F287A /* FileKit.framework */; };
		C366B3CE1DB85F5100484502 /* FileKit.framework in Embed Frameworks */ = {isa = PBXBuildFile; fileRef = C353502E1DB846AB008F287A /* FileKit.framework */; settings = {ATTRIBUTES = (CodeSignOnCopy, RemoveHeadersOnCopy, ); }; };
		C366B3CF1DB85F5700484502 /* HandySwift.framework in Frameworks */ = {isa = PBXBuildFile; fileRef = C35350301DB846B6008F287A /* HandySwift.framework */; };
		C366B3D01DB85F5700484502 /* HandySwift.framework in Embed Frameworks */ = {isa = PBXBuildFile; fileRef = C35350301DB846B6008F287A /* HandySwift.framework */; settings = {ATTRIBUTES = (CodeSignOnCopy, RemoveHeadersOnCopy, ); }; };
		C366B3D21DB8614900484502 /* Inventory.csv in Resources */ = {isa = PBXBuildFile; fileRef = C366B3D11DB8614900484502 /* Inventory.csv */; };
		C39174DE1DB8400400B17FFC /* AppDelegate.swift in Sources */ = {isa = PBXBuildFile; fileRef = C39174DD1DB8400400B17FFC /* AppDelegate.swift */; };
		C39174E01DB8400400B17FFC /* ViewController.swift in Sources */ = {isa = PBXBuildFile; fileRef = C39174DF1DB8400400B17FFC /* ViewController.swift */; };
		C39174E31DB8400400B17FFC /* Main.storyboard in Resources */ = {isa = PBXBuildFile; fileRef = C39174E11DB8400400B17FFC /* Main.storyboard */; };
		C39174E51DB8400400B17FFC /* Assets.xcassets in Resources */ = {isa = PBXBuildFile; fileRef = C39174E41DB8400400B17FFC /* Assets.xcassets */; };
		C39174E81DB8400400B17FFC /* LaunchScreen.storyboard in Resources */ = {isa = PBXBuildFile; fileRef = C39174E61DB8400400B17FFC /* LaunchScreen.storyboard */; };
		C39174F31DB8400500B17FFC /* ViaflyProjectTests.swift in Sources */ = {isa = PBXBuildFile; fileRef = C39174F21DB8400500B17FFC /* ViaflyProjectTests.swift */; };
		C39174FE1DB8400500B17FFC /* ViaflyProjectUITests.swift in Sources */ = {isa = PBXBuildFile; fileRef = C39174FD1DB8400500B17FFC /* ViaflyProjectUITests.swift */; };
/* End PBXBuildFile section */

/* Begin PBXContainerItemProxy section */
		C39174EF1DB8400500B17FFC /* PBXContainerItemProxy */ = {
			isa = PBXContainerItemProxy;
			containerPortal = C39174D21DB8400400B17FFC /* Project object */;
			proxyType = 1;
			remoteGlobalIDString = C39174D91DB8400400B17FFC;
			remoteInfo = ViaflyProject;
		};
		C39174FA1DB8400500B17FFC /* PBXContainerItemProxy */ = {
			isa = PBXContainerItemProxy;
			containerPortal = C39174D21DB8400400B17FFC /* Project object */;
			proxyType = 1;
			remoteGlobalIDString = C39174D91DB8400400B17FFC;
			remoteInfo = ViaflyProject;
		};
/* End PBXContainerItemProxy section */

/* Begin PBXCopyFilesBuildPhase section */
		C366B3CC1DB85F2F00484502 /* Embed Frameworks */ = {
			isa = PBXCopyFilesBuildPhase;
			buildActionMask = 2147483647;
			dstPath = "";
			dstSubfolderSpec = 10;
			files = (
				C366B3D01DB85F5700484502 /* HandySwift.framework in Embed Frameworks */,
				C366B3CB1DB85F2F00484502 /* CSVImporter.framework in Embed Frameworks */,
				C366B3CE1DB85F5100484502 /* FileKit.framework in Embed Frameworks */,
			);
			name = "Embed Frameworks";
			runOnlyForDeploymentPostprocessing = 0;
		};
/* End PBXCopyFilesBuildPhase section */

/* Begin PBXFileReference section */
		1453D83797B5249334CC3197 /* Pods-ViaflyProjectUITests.release.xcconfig */ = {isa = PBXFileReference; includeInIndex = 1; lastKnownFileType = text.xcconfig; name = "Pods-ViaflyProjectUITests.release.xcconfig"; path = "Pods/Target Support Files/Pods-ViaflyProjectUITests/Pods-ViaflyProjectUITests.release.xcconfig"; sourceTree = "<group>"; };
		171CC04C90E2B68222E1465A /* Pods_ViaflyProjectTests.framework */ = {isa = PBXFileReference; explicitFileType = wrapper.framework; includeInIndex = 0; path = Pods_ViaflyProjectTests.framework; sourceTree = BUILT_PRODUCTS_DIR; };
		1B3C4E3DB4A7B8AB50D7F022 /* Pods-ViaflyProjectTests.release.xcconfig */ = {isa = PBXFileReference; includeInIndex = 1; lastKnownFileType = text.xcconfig; name = "Pods-ViaflyProjectTests.release.xcconfig"; path = "Pods/Target Support Files/Pods-ViaflyProjectTests/Pods-ViaflyProjectTests.release.xcconfig"; sourceTree = "<group>"; };
		1F72CBC3EBAB69233760A955 /* Pods-ViaflyProject.release.xcconfig */ = {isa = PBXFileReference; includeInIndex = 1; lastKnownFileType = text.xcconfig; name = "Pods-ViaflyProject.release.xcconfig"; path = "Pods/Target Support Files/Pods-ViaflyProject/Pods-ViaflyProject.release.xcconfig"; sourceTree = "<group>"; };
		37C1FD02A546EE19A1EE57EC /* Pods_ViaflyProject.framework */ = {isa = PBXFileReference; explicitFileType = wrapper.framework; includeInIndex = 0; path = Pods_ViaflyProject.framework; sourceTree = BUILT_PRODUCTS_DIR; };
		6F7B5B6B2BB7EA2243B996D6 /* Pods-ViaflyProject.debug.xcconfig */ = {isa = PBXFileReference; includeInIndex = 1; lastKnownFileType = text.xcconfig; name = "Pods-ViaflyProject.debug.xcconfig"; path = "Pods/Target Support Files/Pods-ViaflyProject/Pods-ViaflyProject.debug.xcconfig"; sourceTree = "<group>"; };
		74993D04927B8566F8B59F00 /* Pods-ViaflyProjectUITests.debug.xcconfig */ = {isa = PBXFileReference; includeInIndex = 1; lastKnownFileType = text.xcconfig; name = "Pods-ViaflyProjectUITests.debug.xcconfig"; path = "Pods/Target Support Files/Pods-ViaflyProjectUITests/Pods-ViaflyProjectUITests.debug.xcconfig"; sourceTree = "<group>"; };
		7D68FEE9C6B21DC420E6ED0D /* Pods-ViaflyProjectTests.debug.xcconfig */ = {isa = PBXFileReference; includeInIndex = 1; lastKnownFileType = text.xcconfig; name = "Pods-ViaflyProjectTests.debug.xcconfig"; path = "Pods/Target Support Files/Pods-ViaflyProjectTests/Pods-ViaflyProjectTests.debug.xcconfig"; sourceTree = "<group>"; };
		8E414D241B9CE83024918AFA /* Pods_ViaflyProjectUITests.framework */ = {isa = PBXFileReference; explicitFileType = wrapper.framework; includeInIndex = 0; path = Pods_ViaflyProjectUITests.framework; sourceTree = BUILT_PRODUCTS_DIR; };
		C353502C1DB846A3008F287A /* CSVImporter.framework */ = {isa = PBXFileReference; lastKnownFileType = wrapper.framework; name = CSVImporter.framework; path = Carthage/Build/iOS/CSVImporter.framework; sourceTree = "<group>"; };
		C353502E1DB846AB008F287A /* FileKit.framework */ = {isa = PBXFileReference; lastKnownFileType = wrapper.framework; name = FileKit.framework; path = Carthage/Build/iOS/FileKit.framework; sourceTree = "<group>"; };
		C35350301DB846B6008F287A /* HandySwift.framework */ = {isa = PBXFileReference; lastKnownFileType = wrapper.framework; name = HandySwift.framework; path = Carthage/Build/iOS/HandySwift.framework; sourceTree = "<group>"; };
		C35350321DB84A79008F287A /* ItemModel.swift */ = {isa = PBXFileReference; fileEncoding = 4; lastKnownFileType = sourcecode.swift; path = ItemModel.swift; sourceTree = "<group>"; };
		C35350341DB84ACC008F287A /* ItemViewModel.swift */ = {isa = PBXFileReference; fileEncoding = 4; lastKnownFileType = sourcecode.swift; path = ItemViewModel.swift; sourceTree = "<group>"; };
		C366B3D11DB8614900484502 /* Inventory.csv */ = {isa = PBXFileReference; fileEncoding = 4; lastKnownFileType = text; name = Inventory.csv; path = ../../../Downloads/Inventory.csv; sourceTree = "<group>"; };
		C39174DA1DB8400400B17FFC /* ViaflyProject.app */ = {isa = PBXFileReference; explicitFileType = wrapper.application; includeInIndex = 0; path = ViaflyProject.app; sourceTree = BUILT_PRODUCTS_DIR; };
		C39174DD1DB8400400B17FFC /* AppDelegate.swift */ = {isa = PBXFileReference; lastKnownFileType = sourcecode.swift; path = AppDelegate.swift; sourceTree = "<group>"; };
		C39174DF1DB8400400B17FFC /* ViewController.swift */ = {isa = PBXFileReference; lastKnownFileType = sourcecode.swift; path = ViewController.swift; sourceTree = "<group>"; };
		C39174E21DB8400400B17FFC /* Base */ = {isa = PBXFileReference; lastKnownFileType = file.storyboard; name = Base; path = Base.lproj/Main.storyboard; sourceTree = "<group>"; };
		C39174E41DB8400400B17FFC /* Assets.xcassets */ = {isa = PBXFileReference; lastKnownFileType = folder.assetcatalog; path = Assets.xcassets; sourceTree = "<group>"; };
		C39174E71DB8400400B17FFC /* Base */ = {isa = PBXFileReference; lastKnownFileType = file.storyboard; name = Base; path = Base.lproj/LaunchScreen.storyboard; sourceTree = "<group>"; };
		C39174E91DB8400400B17FFC /* Info.plist */ = {isa = PBXFileReference; lastKnownFileType = text.plist.xml; path = Info.plist; sourceTree = "<group>"; };
		C39174EE1DB8400500B17FFC /* ViaflyProjectTests.xctest */ = {isa = PBXFileReference; explicitFileType = wrapper.cfbundle; includeInIndex = 0; path = ViaflyProjectTests.xctest; sourceTree = BUILT_PRODUCTS_DIR; };
		C39174F21DB8400500B17FFC /* ViaflyProjectTests.swift */ = {isa = PBXFileReference; lastKnownFileType = sourcecode.swift; path = ViaflyProjectTests.swift; sourceTree = "<group>"; };
		C39174F41DB8400500B17FFC /* Info.plist */ = {isa = PBXFileReference; lastKnownFileType = text.plist.xml; path = Info.plist; sourceTree = "<group>"; };
		C39174F91DB8400500B17FFC /* ViaflyProjectUITests.xctest */ = {isa = PBXFileReference; explicitFileType = wrapper.cfbundle; includeInIndex = 0; path = ViaflyProjectUITests.xctest; sourceTree = BUILT_PRODUCTS_DIR; };
		C39174FD1DB8400500B17FFC /* ViaflyProjectUITests.swift */ = {isa = PBXFileReference; lastKnownFileType = sourcecode.swift; path = ViaflyProjectUITests.swift; sourceTree = "<group>"; };
		C39174FF1DB8400500B17FFC /* Info.plist */ = {isa = PBXFileReference; lastKnownFileType = text.plist.xml; path = Info.plist; sourceTree = "<group>"; };
/* End PBXFileReference section */

/* Begin PBXFrameworksBuildPhase section */
		C39174D71DB8400400B17FFC /* Frameworks */ = {
			isa = PBXFrameworksBuildPhase;
			buildActionMask = 2147483647;
			files = (
				80E2E192C88A4E4B93E386A2 /* Pods_ViaflyProject.framework in Frameworks */,
				C366B3CF1DB85F5700484502 /* HandySwift.framework in Frameworks */,
				C353502D1DB846A3008F287A /* CSVImporter.framework in Frameworks */,
				C353502F1DB846AB008F287A /* FileKit.framework in Frameworks */,
				C35350311DB846B6008F287A /* HandySwift.framework in Frameworks */,
				C366B3CA1DB85F2F00484502 /* CSVImporter.framework in Frameworks */,
				C366B3CD1DB85F5100484502 /* FileKit.framework in Frameworks */,
			);
			runOnlyForDeploymentPostprocessing = 0;
		};
		C39174EB1DB8400500B17FFC /* Frameworks */ = {
			isa = PBXFrameworksBuildPhase;
			buildActionMask = 2147483647;
			files = (
				7040408B5816316955EEBF36 /* Pods_ViaflyProjectTests.framework in Frameworks */,
			);
			runOnlyForDeploymentPostprocessing = 0;
		};
		C39174F61DB8400500B17FFC /* Frameworks */ = {
			isa = PBXFrameworksBuildPhase;
			buildActionMask = 2147483647;
			files = (
				4115F23DCED86C6FF046DC92 /* Pods_ViaflyProjectUITests.framework in Frameworks */,
			);
			runOnlyForDeploymentPostprocessing = 0;
		};
/* End PBXFrameworksBuildPhase section */

/* Begin PBXGroup section */
		944C30531FE7D238301BA3E2 /* Frameworks */ = {
			isa = PBXGroup;
			children = (
				C35350301DB846B6008F287A /* HandySwift.framework */,
				C353502E1DB846AB008F287A /* FileKit.framework */,
				C353502C1DB846A3008F287A /* CSVImporter.framework */,
				37C1FD02A546EE19A1EE57EC /* Pods_ViaflyProject.framework */,
				171CC04C90E2B68222E1465A /* Pods_ViaflyProjectTests.framework */,
				8E414D241B9CE83024918AFA /* Pods_ViaflyProjectUITests.framework */,
			);
			name = Frameworks;
			sourceTree = "<group>";
		};
		C39174D11DB8400400B17FFC = {
			isa = PBXGroup;
			children = (
				C39174DC1DB8400400B17FFC /* ViaflyProject */,
				C39174F11DB8400500B17FFC /* ViaflyProjectTests */,
				C39174FC1DB8400500B17FFC /* ViaflyProjectUITests */,
				C39174DB1DB8400400B17FFC /* Products */,
				DE2E691C2D2D08E139BF09ED /* Pods */,
				944C30531FE7D238301BA3E2 /* Frameworks */,
			);
			sourceTree = "<group>";
		};
		C39174DB1DB8400400B17FFC /* Products */ = {
			isa = PBXGroup;
			children = (
				C39174DA1DB8400400B17FFC /* ViaflyProject.app */,
				C39174EE1DB8400500B17FFC /* ViaflyProjectTests.xctest */,
				C39174F91DB8400500B17FFC /* ViaflyProjectUITests.xctest */,
			);
			name = Products;
			sourceTree = "<group>";
		};
		C39174DC1DB8400400B17FFC /* ViaflyProject */ = {
			isa = PBXGroup;
			children = (
				C366B3D11DB8614900484502 /* Inventory.csv */,
				C39174DD1DB8400400B17FFC /* AppDelegate.swift */,
				C39174DF1DB8400400B17FFC /* ViewController.swift */,
				C39174E11DB8400400B17FFC /* Main.storyboard */,
				C39174E41DB8400400B17FFC /* Assets.xcassets */,
				C39174E61DB8400400B17FFC /* LaunchScreen.storyboard */,
				C39174E91DB8400400B17FFC /* Info.plist */,
				C35350321DB84A79008F287A /* ItemModel.swift */,
				C35350341DB84ACC008F287A /* ItemViewModel.swift */,
			);
			path = ViaflyProject;
			sourceTree = "<group>";
		};
		C39174F11DB8400500B17FFC /* ViaflyProjectTests */ = {
			isa = PBXGroup;
			children = (
				C39174F21DB8400500B17FFC /* ViaflyProjectTests.swift */,
				C39174F41DB8400500B17FFC /* Info.plist */,
			);
			path = ViaflyProjectTests;
			sourceTree = "<group>";
		};
		C39174FC1DB8400500B17FFC /* ViaflyProjectUITests */ = {
			isa = PBXGroup;
			children = (
				C39174FD1DB8400500B17FFC /* ViaflyProjectUITests.swift */,
				C39174FF1DB8400500B17FFC /* Info.plist */,
			);
			path = ViaflyProjectUITests;
			sourceTree = "<group>";
		};
		DE2E691C2D2D08E139BF09ED /* Pods */ = {
			isa = PBXGroup;
			children = (
				6F7B5B6B2BB7EA2243B996D6 /* Pods-ViaflyProject.debug.xcconfig */,
				1F72CBC3EBAB69233760A955 /* Pods-ViaflyProject.release.xcconfig */,
				7D68FEE9C6B21DC420E6ED0D /* Pods-ViaflyProjectTests.debug.xcconfig */,
				1B3C4E3DB4A7B8AB50D7F022 /* Pods-ViaflyProjectTests.release.xcconfig */,
				74993D04927B8566F8B59F00 /* Pods-ViaflyProjectUITests.debug.xcconfig */,
				1453D83797B5249334CC3197 /* Pods-ViaflyProjectUITests.release.xcconfig */,
			);
			name = Pods;
			sourceTree = "<group>";
		};
/* End PBXGroup section */

/* Begin PBXNativeTarget section */
		C39174D91DB8400400B17FFC /* ViaflyProject */ = {
			isa = PBXNativeTarget;
			buildConfigurationList = C39175021DB8400500B17FFC /* Build configuration list for PBXNativeTarget "ViaflyProject" */;
			buildPhases = (
				5FCE1E8A6227B7963031A978 /* [CP] Check Pods Manifest.lock */,
				C39174D61DB8400400B17FFC /* Sources */,
				C39174D71DB8400400B17FFC /* Frameworks */,
				C39174D81DB8400400B17FFC /* Resources */,
				1FDB0D7F96386748BCF305D6 /* [CP] Embed Pods Frameworks */,
				B6EEBA64ED4205745BB56B65 /* [CP] Copy Pods Resources */,
				C366B3CC1DB85F2F00484502 /* Embed Frameworks */,
			);
			buildRules = (
			);
			dependencies = (
			);
			name = ViaflyProject;
			productName = ViaflyProject;
			productReference = C39174DA1DB8400400B17FFC /* ViaflyProject.app */;
			productType = "com.apple.product-type.application";
		};
		C39174ED1DB8400500B17FFC /* ViaflyProjectTests */ = {
			isa = PBXNativeTarget;
			buildConfigurationList = C39175051DB8400500B17FFC /* Build configuration list for PBXNativeTarget "ViaflyProjectTests" */;
			buildPhases = (
				77FD3787EA131AD70FE15B5F /* [CP] Check Pods Manifest.lock */,
				C39174EA1DB8400500B17FFC /* Sources */,
				C39174EB1DB8400500B17FFC /* Frameworks */,
				C39174EC1DB8400500B17FFC /* Resources */,
				E924011290C5C392C0F3E177 /* [CP] Embed Pods Frameworks */,
				C47C64639B1B0AA01CBFF7C2 /* [CP] Copy Pods Resources */,
			);
			buildRules = (
			);
			dependencies = (
				C39174F01DB8400500B17FFC /* PBXTargetDependency */,
			);
			name = ViaflyProjectTests;
			productName = ViaflyProjectTests;
			productReference = C39174EE1DB8400500B17FFC /* ViaflyProjectTests.xctest */;
			productType = "com.apple.product-type.bundle.unit-test";
		};
		C39174F81DB8400500B17FFC /* ViaflyProjectUITests */ = {
			isa = PBXNativeTarget;
			buildConfigurationList = C39175081DB8400500B17FFC /* Build configuration list for PBXNativeTarget "ViaflyProjectUITests" */;
			buildPhases = (
				40AA214BDBD3377C969C78B1 /* [CP] Check Pods Manifest.lock */,
				C39174F51DB8400500B17FFC /* Sources */,
				C39174F61DB8400500B17FFC /* Frameworks */,
				C39174F71DB8400500B17FFC /* Resources */,
				81D96519E88024CC4D738C54 /* [CP] Copy Pods Resources */,
			);
			buildRules = (
			);
			dependencies = (
				C39174FB1DB8400500B17FFC /* PBXTargetDependency */,
			);
			name = ViaflyProjectUITests;
			productName = ViaflyProjectUITests;
			productReference = C39174F91DB8400500B17FFC /* ViaflyProjectUITests.xctest */;
			productType = "com.apple.product-type.bundle.ui-testing";
		};
/* End PBXNativeTarget section */

/* Begin PBXProject section */
		C39174D21DB8400400B17FFC /* Project object */ = {
			isa = PBXProject;
			attributes = {
				LastSwiftUpdateCheck = 0800;
				LastUpgradeCheck = 0800;
				ORGANIZATIONNAME = "Vitki Arts";
				TargetAttributes = {
					C39174D91DB8400400B17FFC = {
						CreatedOnToolsVersion = 8.0;
						DevelopmentTeam = 5P4CM4ZFAJ;
						ProvisioningStyle = Automatic;
					};
					C39174ED1DB8400500B17FFC = {
						CreatedOnToolsVersion = 8.0;
						DevelopmentTeam = 5P4CM4ZFAJ;
						ProvisioningStyle = Automatic;
						TestTargetID = C39174D91DB8400400B17FFC;
					};
					C39174F81DB8400500B17FFC = {
						CreatedOnToolsVersion = 8.0;
						DevelopmentTeam = 5P4CM4ZFAJ;
						ProvisioningStyle = Automatic;
						TestTargetID = C39174D91DB8400400B17FFC;
					};
				};
			};
			buildConfigurationList = C39174D51DB8400400B17FFC /* Build configuration list for PBXProject "ViaflyProject" */;
			compatibilityVersion = "Xcode 3.2";
			developmentRegion = English;
			hasScannedForEncodings = 0;
			knownRegions = (
				en,
				Base,
			);
			mainGroup = C39174D11DB8400400B17FFC;
			productRefGroup = C39174DB1DB8400400B17FFC /* Products */;
			projectDirPath = "";
			projectRoot = "";
			targets = (
				C39174D91DB8400400B17FFC /* ViaflyProject */,
				C39174ED1DB8400500B17FFC /* ViaflyProjectTests */,
				C39174F81DB8400500B17FFC /* ViaflyProjectUITests */,
			);
		};
/* End PBXProject section */

/* Begin PBXResourcesBuildPhase section */
		C39174D81DB8400400B17FFC /* Resources */ = {
			isa = PBXResourcesBuildPhase;
			buildActionMask = 2147483647;
			files = (
				C366B3D21DB8614900484502 /* Inventory.csv in Resources */,
				C39174E81DB8400400B17FFC /* LaunchScreen.storyboard in Resources */,
				C39174E51DB8400400B17FFC /* Assets.xcassets in Resources */,
				C39174E31DB8400400B17FFC /* Main.storyboard in Resources */,
			);
			runOnlyForDeploymentPostprocessing = 0;
		};
		C39174EC1DB8400500B17FFC /* Resources */ = {
			isa = PBXResourcesBuildPhase;
			buildActionMask = 2147483647;
			files = (
			);
			runOnlyForDeploymentPostprocessing = 0;
		};
		C39174F71DB8400500B17FFC /* Resources */ = {
			isa = PBXResourcesBuildPhase;
			buildActionMask = 2147483647;
			files = (
			);
			runOnlyForDeploymentPostprocessing = 0;
		};
/* End PBXResourcesBuildPhase section */

/* Begin PBXShellScriptBuildPhase section */
		1FDB0D7F96386748BCF305D6 /* [CP] Embed Pods Frameworks */ = {
			isa = PBXShellScriptBuildPhase;
			buildActionMask = 2147483647;
			files = (
			);
			inputPaths = (
			);
			name = "[CP] Embed Pods Frameworks";
			outputPaths = (
			);
			runOnlyForDeploymentPostprocessing = 0;
			shellPath = /bin/sh;
			shellScript = "\"${SRCROOT}/Pods/Target Support Files/Pods-ViaflyProject/Pods-ViaflyProject-frameworks.sh\"\n";
			showEnvVarsInLog = 0;
		};
		40AA214BDBD3377C969C78B1 /* [CP] Check Pods Manifest.lock */ = {
			isa = PBXShellScriptBuildPhase;
			buildActionMask = 2147483647;
			files = (
			);
			inputPaths = (
			);
			name = "[CP] Check Pods Manifest.lock";
			outputPaths = (
			);
			runOnlyForDeploymentPostprocessing = 0;
			shellPath = /bin/sh;
			shellScript = "diff \"${PODS_ROOT}/../Podfile.lock\" \"${PODS_ROOT}/Manifest.lock\" > /dev/null\nif [[ $? != 0 ]] ; then\n    cat << EOM\nerror: The sandbox is not in sync with the Podfile.lock. Run 'pod install' or update your CocoaPods installation.\nEOM\n    exit 1\nfi\n";
			showEnvVarsInLog = 0;
		};
		5FCE1E8A6227B7963031A978 /* [CP] Check Pods Manifest.lock */ = {
			isa = PBXShellScriptBuildPhase;
			buildActionMask = 2147483647;
			files = (
			);
			inputPaths = (
			);
			name = "[CP] Check Pods Manifest.lock";
			outputPaths = (
			);
			runOnlyForDeploymentPostprocessing = 0;
			shellPath = /bin/sh;
			shellScript = "diff \"${PODS_ROOT}/../Podfile.lock\" \"${PODS_ROOT}/Manifest.lock\" > /dev/null\nif [[ $? != 0 ]] ; then\n    cat << EOM\nerror: The sandbox is not in sync with the Podfile.lock. Run 'pod install' or update your CocoaPods installation.\nEOM\n    exit 1\nfi\n";
			showEnvVarsInLog = 0;
		};
		77FD3787EA131AD70FE15B5F /* [CP] Check Pods Manifest.lock */ = {
			isa = PBXShellScriptBuildPhase;
			buildActionMask = 2147483647;
			files = (
			);
			inputPaths = (
			);
			name = "[CP] Check Pods Manifest.lock";
			outputPaths = (
			);
			runOnlyForDeploymentPostprocessing = 0;
			shellPath = /bin/sh;
			shellScript = "diff \"${PODS_ROOT}/../Podfile.lock\" \"${PODS_ROOT}/Manifest.lock\" > /dev/null\nif [[ $? != 0 ]] ; then\n    cat << EOM\nerror: The sandbox is not in sync with the Podfile.lock. Run 'pod install' or update your CocoaPods installation.\nEOM\n    exit 1\nfi\n";
			showEnvVarsInLog = 0;
		};
		81D96519E88024CC4D738C54 /* [CP] Copy Pods Resources */ = {
			isa = PBXShellScriptBuildPhase;
			buildActionMask = 2147483647;
			files = (
			);
			inputPaths = (
			);
			name = "[CP] Copy Pods Resources";
			outputPaths = (
			);
			runOnlyForDeploymentPostprocessing = 0;
			shellPath = /bin/sh;
			shellScript = "\"${SRCROOT}/Pods/Target Support Files/Pods-ViaflyProjectUITests/Pods-ViaflyProjectUITests-resources.sh\"\n";
			showEnvVarsInLog = 0;
		};
		B6EEBA64ED4205745BB56B65 /* [CP] Copy Pods Resources */ = {
			isa = PBXShellScriptBuildPhase;
			buildActionMask = 2147483647;
			files = (
			);
			inputPaths = (
			);
			name = "[CP] Copy Pods Resources";
			outputPaths = (
			);
			runOnlyForDeploymentPostprocessing = 0;
			shellPath = /bin/sh;
			shellScript = "\"${SRCROOT}/Pods/Target Support Files/Pods-ViaflyProject/Pods-ViaflyProject-resources.sh\"\n";
			showEnvVarsInLog = 0;
		};
		C47C64639B1B0AA01CBFF7C2 /* [CP] Copy Pods Resources */ = {
			isa = PBXShellScriptBuildPhase;
			buildActionMask = 2147483647;
			files = (
			);
			inputPaths = (
			);
			name = "[CP] Copy Pods Resources";
			outputPaths = (
			);
			runOnlyForDeploymentPostprocessing = 0;
			shellPath = /bin/sh;
			shellScript = "\"${SRCROOT}/Pods/Target Support Files/Pods-ViaflyProjectTests/Pods-ViaflyProjectTests-resources.sh\"\n";
			showEnvVarsInLog = 0;
		};
		E924011290C5C392C0F3E177 /* [CP] Embed Pods Frameworks */ = {
			isa = PBXShellScriptBuildPhase;
			buildActionMask = 2147483647;
			files = (
			);
			inputPaths = (
			);
			name = "[CP] Embed Pods Frameworks";
			outputPaths = (
			);
			runOnlyForDeploymentPostprocessing = 0;
			shellPath = /bin/sh;
			shellScript = "\"${SRCROOT}/Pods/Target Support Files/Pods-ViaflyProjectTests/Pods-ViaflyProjectTests-frameworks.sh\"\n";
			showEnvVarsInLog = 0;
		};
/* End PBXShellScriptBuildPhase section */

/* Begin PBXSourcesBuildPhase section */
		C39174D61DB8400400B17FFC /* Sources */ = {
			isa = PBXSourcesBuildPhase;
			buildActionMask = 2147483647;
			files = (
				C35350331DB84A79008F287A /* ItemModel.swift in Sources */,
				C35350351DB84ACC008F287A /* ItemViewModel.swift in Sources */,
				C39174E01DB8400400B17FFC /* ViewController.swift in Sources */,
				C39174DE1DB8400400B17FFC /* AppDelegate.swift in Sources */,
			);
			runOnlyForDeploymentPostprocessing = 0;
		};
		C39174EA1DB8400500B17FFC /* Sources */ = {
			isa = PBXSourcesBuildPhase;
			buildActionMask = 2147483647;
			files = (
				C39174F31DB8400500B17FFC /* ViaflyProjectTests.swift in Sources */,
			);
			runOnlyForDeploymentPostprocessing = 0;
		};
		C39174F51DB8400500B17FFC /* Sources */ = {
			isa = PBXSourcesBuildPhase;
			buildActionMask = 2147483647;
			files = (
				C39174FE1DB8400500B17FFC /* ViaflyProjectUITests.swift in Sources */,
			);
			runOnlyForDeploymentPostprocessing = 0;
		};
/* End PBXSourcesBuildPhase section */

/* Begin PBXTargetDependency section */
		C39174F01DB8400500B17FFC /* PBXTargetDependency */ = {
			isa = PBXTargetDependency;
			target = C39174D91DB8400400B17FFC /* ViaflyProject */;
			targetProxy = C39174EF1DB8400500B17FFC /* PBXContainerItemProxy */;
		};
		C39174FB1DB8400500B17FFC /* PBXTargetDependency */ = {
			isa = PBXTargetDependency;
			target = C39174D91DB8400400B17FFC /* ViaflyProject */;
			targetProxy = C39174FA1DB8400500B17FFC /* PBXContainerItemProxy */;
		};
/* End PBXTargetDependency section */

/* Begin PBXVariantGroup section */
		C39174E11DB8400400B17FFC /* Main.storyboard */ = {
			isa = PBXVariantGroup;
			children = (
				C39174E21DB8400400B17FFC /* Base */,
			);
			name = Main.storyboard;
			sourceTree = "<group>";
		};
		C39174E61DB8400400B17FFC /* LaunchScreen.storyboard */ = {
			isa = PBXVariantGroup;
			children = (
				C39174E71DB8400400B17FFC /* Base */,
			);
			name = LaunchScreen.storyboard;
			sourceTree = "<group>";
		};
/* End PBXVariantGroup section */

/* Begin XCBuildConfiguration section */
		C39175001DB8400500B17FFC /* Debug */ = {
			isa = XCBuildConfiguration;
			buildSettings = {
				ALWAYS_SEARCH_USER_PATHS = NO;
				CLANG_ANALYZER_NONNULL = YES;
				CLANG_CXX_LANGUAGE_STANDARD = "gnu++0x";
				CLANG_CXX_LIBRARY = "libc++";
				CLANG_ENABLE_MODULES = YES;
				CLANG_ENABLE_OBJC_ARC = YES;
				CLANG_WARN_BOOL_CONVERSION = YES;
				CLANG_WARN_CONSTANT_CONVERSION = YES;
				CLANG_WARN_DIRECT_OBJC_ISA_USAGE = YES_ERROR;
				CLANG_WARN_DOCUMENTATION_COMMENTS = YES;
				CLANG_WARN_EMPTY_BODY = YES;
				CLANG_WARN_ENUM_CONVERSION = YES;
				CLANG_WARN_INFINITE_RECURSION = YES;
				CLANG_WARN_INT_CONVERSION = YES;
				CLANG_WARN_OBJC_ROOT_CLASS = YES_ERROR;
				CLANG_WARN_SUSPICIOUS_MOVE = YES;
				CLANG_WARN_SUSPICIOUS_MOVES = YES;
				CLANG_WARN_UNREACHABLE_CODE = YES;
				CLANG_WARN__DUPLICATE_METHOD_MATCH = YES;
				"CODE_SIGN_IDENTITY[sdk=iphoneos*]" = "iPhone Developer";
				COPY_PHASE_STRIP = NO;
				DEBUG_INFORMATION_FORMAT = dwarf;
				ENABLE_BITCODE = YES;
				ENABLE_STRICT_OBJC_MSGSEND = YES;
				ENABLE_TESTABILITY = YES;
				GCC_C_LANGUAGE_STANDARD = gnu99;
				GCC_DYNAMIC_NO_PIC = NO;
				GCC_NO_COMMON_BLOCKS = YES;
				GCC_OPTIMIZATION_LEVEL = 0;
				GCC_PREPROCESSOR_DEFINITIONS = (
					"DEBUG=1",
					"$(inherited)",
				);
				GCC_WARN_64_TO_32_BIT_CONVERSION = YES;
				GCC_WARN_ABOUT_RETURN_TYPE = YES_ERROR;
				GCC_WARN_UNDECLARED_SELECTOR = YES;
				GCC_WARN_UNINITIALIZED_AUTOS = YES_AGGRESSIVE;
				GCC_WARN_UNUSED_FUNCTION = YES;
				GCC_WARN_UNUSED_VARIABLE = YES;
				IPHONEOS_DEPLOYMENT_TARGET = 10.0;
				MTL_ENABLE_DEBUG_INFO = YES;
				ONLY_ACTIVE_ARCH = YES;
				SDKROOT = iphoneos;
				SWIFT_ACTIVE_COMPILATION_CONDITIONS = DEBUG;
				SWIFT_OPTIMIZATION_LEVEL = "-Onone";
			};
			name = Debug;
		};
		C39175011DB8400500B17FFC /* Release */ = {
			isa = XCBuildConfiguration;
			buildSettings = {
				ALWAYS_SEARCH_USER_PATHS = NO;
				CLANG_ANALYZER_NONNULL = YES;
				CLANG_CXX_LANGUAGE_STANDARD = "gnu++0x";
				CLANG_CXX_LIBRARY = "libc++";
				CLANG_ENABLE_MODULES = YES;
				CLANG_ENABLE_OBJC_ARC = YES;
				CLANG_WARN_BOOL_CONVERSION = YES;
				CLANG_WARN_CONSTANT_CONVERSION = YES;
				CLANG_WARN_DIRECT_OBJC_ISA_USAGE = YES_ERROR;
				CLANG_WARN_DOCUMENTATION_COMMENTS = YES;
				CLANG_WARN_EMPTY_BODY = YES;
				CLANG_WARN_ENUM_CONVERSION = YES;
				CLANG_WARN_INFINITE_RECURSION = YES;
				CLANG_WARN_INT_CONVERSION = YES;
				CLANG_WARN_OBJC_ROOT_CLASS = YES_ERROR;
				CLANG_WARN_SUSPICIOUS_MOVE = YES;
				CLANG_WARN_SUSPICIOUS_MOVES = YES;
				CLANG_WARN_UNREACHABLE_CODE = YES;
				CLANG_WARN__DUPLICATE_METHOD_MATCH = YES;
				"CODE_SIGN_IDENTITY[sdk=iphoneos*]" = "iPhone Developer";
				COPY_PHASE_STRIP = NO;
				DEBUG_INFORMATION_FORMAT = "dwarf-with-dsym";
				ENABLE_BITCODE = YES;
				ENABLE_NS_ASSERTIONS = NO;
				ENABLE_STRICT_OBJC_MSGSEND = YES;
				GCC_C_LANGUAGE_STANDARD = gnu99;
				GCC_NO_COMMON_BLOCKS = YES;
				GCC_WARN_64_TO_32_BIT_CONVERSION = YES;
				GCC_WARN_ABOUT_RETURN_TYPE = YES_ERROR;
				GCC_WARN_UNDECLARED_SELECTOR = YES;
				GCC_WARN_UNINITIALIZED_AUTOS = YES_AGGRESSIVE;
				GCC_WARN_UNUSED_FUNCTION = YES;
				GCC_WARN_UNUSED_VARIABLE = YES;
				IPHONEOS_DEPLOYMENT_TARGET = 10.0;
				MTL_ENABLE_DEBUG_INFO = NO;
				SDKROOT = iphoneos;
				SWIFT_OPTIMIZATION_LEVEL = "-Owholemodule";
				VALIDATE_PRODUCT = YES;
			};
			name = Release;
		};
		C39175031DB8400500B17FFC /* Debug */ = {
			isa = XCBuildConfiguration;
			baseConfigurationReference = 6F7B5B6B2BB7EA2243B996D6 /* Pods-ViaflyProject.debug.xcconfig */;
			buildSettings = {
				ALWAYS_EMBED_SWIFT_STANDARD_LIBRARIES = YES;
				ASSETCATALOG_COMPILER_APPICON_NAME = AppIcon;
				DEVELOPMENT_TEAM = 5P4CM4ZFAJ;
				FRAMEWORK_SEARCH_PATHS = (
					"$(inherited)",
					"$(PROJECT_DIR)/Carthage/Build/iOS",
				);
				INFOPLIST_FILE = ViaflyProject/Info.plist;
				LD_RUNPATH_SEARCH_PATHS = "$(inherited) @executable_path/Frameworks";
				PRODUCT_BUNDLE_IDENTIFIER = com.vitkiarts.ViaflyProject;
				PRODUCT_NAME = "$(TARGET_NAME)";
				SWIFT_VERSION = 3.0;
			};
			name = Debug;
		};
		C39175041DB8400500B17FFC /* Release */ = {
			isa = XCBuildConfiguration;
			baseConfigurationReference = 1F72CBC3EBAB69233760A955 /* Pods-ViaflyProject.release.xcconfig */;
			buildSettings = {
				ALWAYS_EMBED_SWIFT_STANDARD_LIBRARIES = YES;
				ASSETCATALOG_COMPILER_APPICON_NAME = AppIcon;
				DEVELOPMENT_TEAM = 5P4CM4ZFAJ;
				FRAMEWORK_SEARCH_PATHS = (
					"$(inherited)",
					"$(PROJECT_DIR)/Carthage/Build/iOS",
				);
				INFOPLIST_FILE = ViaflyProject/Info.plist;
				LD_RUNPATH_SEARCH_PATHS = "$(inherited) @executable_path/Frameworks";
				PRODUCT_BUNDLE_IDENTIFIER = com.vitkiarts.ViaflyProject;
				PRODUCT_NAME = "$(TARGET_NAME)";
				SWIFT_VERSION = 3.0;
			};
			name = Release;
		};
		C39175061DB8400500B17FFC /* Debug */ = {
			isa = XCBuildConfiguration;
			baseConfigurationReference = 7D68FEE9C6B21DC420E6ED0D /* Pods-ViaflyProjectTests.debug.xcconfig */;
			buildSettings = {
				ALWAYS_EMBED_SWIFT_STANDARD_LIBRARIES = YES;
				BUNDLE_LOADER = "$(TEST_HOST)";
				DEVELOPMENT_TEAM = 5P4CM4ZFAJ;
				INFOPLIST_FILE = ViaflyProjectTests/Info.plist;
				LD_RUNPATH_SEARCH_PATHS = "$(inherited) @executable_path/Frameworks @loader_path/Frameworks";
				PRODUCT_BUNDLE_IDENTIFIER = com.vitkiarts.ViaflyProjectTests;
				PRODUCT_NAME = "$(TARGET_NAME)";
				SWIFT_VERSION = 3.0;
				TEST_HOST = "$(BUILT_PRODUCTS_DIR)/ViaflyProject.app/ViaflyProject";
			};
			name = Debug;
		};
		C39175071DB8400500B17FFC /* Release */ = {
			isa = XCBuildConfiguration;
			baseConfigurationReference = 1B3C4E3DB4A7B8AB50D7F022 /* Pods-ViaflyProjectTests.release.xcconfig */;
			buildSettings = {
				ALWAYS_EMBED_SWIFT_STANDARD_LIBRARIES = YES;
				BUNDLE_LOADER = "$(TEST_HOST)";
				DEVELOPMENT_TEAM = 5P4CM4ZFAJ;
				INFOPLIST_FILE = ViaflyProjectTests/Info.plist;
				LD_RUNPATH_SEARCH_PATHS = "$(inherited) @executable_path/Frameworks @loader_path/Frameworks";
				PRODUCT_BUNDLE_IDENTIFIER = com.vitkiarts.ViaflyProjectTests;
				PRODUCT_NAME = "$(TARGET_NAME)";
				SWIFT_VERSION = 3.0;
				TEST_HOST = "$(BUILT_PRODUCTS_DIR)/ViaflyProject.app/ViaflyProject";
			};
			name = Release;
		};
		C39175091DB8400500B17FFC /* Debug */ = {
			isa = XCBuildConfiguration;
			baseConfigurationReference = 74993D04927B8566F8B59F00 /* Pods-ViaflyProjectUITests.debug.xcconfig */;
			buildSettings = {
				ALWAYS_EMBED_SWIFT_STANDARD_LIBRARIES = YES;
				DEVELOPMENT_TEAM = 5P4CM4ZFAJ;
				INFOPLIST_FILE = ViaflyProjectUITests/Info.plist;
				LD_RUNPATH_SEARCH_PATHS = "$(inherited) @executable_path/Frameworks @loader_path/Frameworks";
				PRODUCT_BUNDLE_IDENTIFIER = com.vitkiarts.ViaflyProjectUITests;
				PRODUCT_NAME = "$(TARGET_NAME)";
				SWIFT_VERSION = 3.0;
				TEST_TARGET_NAME = ViaflyProject;
			};
			name = Debug;
		};
		C391750A1DB8400500B17FFC /* Release */ = {
			isa = XCBuildConfiguration;
			baseConfigurationReference = 1453D83797B5249334CC3197 /* Pods-ViaflyProjectUITests.release.xcconfig */;
			buildSettings = {
				ALWAYS_EMBED_SWIFT_STANDARD_LIBRARIES = YES;
				DEVELOPMENT_TEAM = 5P4CM4ZFAJ;
				INFOPLIST_FILE = ViaflyProjectUITests/Info.plist;
				LD_RUNPATH_SEARCH_PATHS = "$(inherited) @executable_path/Frameworks @loader_path/Frameworks";
				PRODUCT_BUNDLE_IDENTIFIER = com.vitkiarts.ViaflyProjectUITests;
				PRODUCT_NAME = "$(TARGET_NAME)";
				SWIFT_VERSION = 3.0;
				TEST_TARGET_NAME = ViaflyProject;
			};
			name = Release;
		};
/* End XCBuildConfiguration section */

/* Begin XCConfigurationList section */
		C39174D51DB8400400B17FFC /* Build configuration list for PBXProject "ViaflyProject" */ = {
			isa = XCConfigurationList;
			buildConfigurations = (
				C39175001DB8400500B17FFC /* Debug */,
				C39175011DB8400500B17FFC /* Release */,
			);
			defaultConfigurationIsVisible = 0;
			defaultConfigurationName = Release;
		};
		C39175021DB8400500B17FFC /* Build configuration list for PBXNativeTarget "ViaflyProject" */ = {
			isa = XCConfigurationList;
			buildConfigurations = (
				C39175031DB8400500B17FFC /* Debug */,
				C39175041DB8400500B17FFC /* Release */,
			);
			defaultConfigurationIsVisible = 0;
			defaultConfigurationName = Release;
		};
		C39175051DB8400500B17FFC /* Build configuration list for PBXNativeTarget "ViaflyProjectTests" */ = {
			isa = XCConfigurationList;
			buildConfigurations = (
				C39175061DB8400500B17FFC /* Debug */,
				C39175071DB8400500B17FFC /* Release */,
			);
			defaultConfigurationIsVisible = 0;
			defaultConfigurationName = Release;
		};
		C39175081DB8400500B17FFC /* Build configuration list for PBXNativeTarget "ViaflyProjectUITests" */ = {
			isa = XCConfigurationList;
			buildConfigurations = (
				C39175091DB8400500B17FFC /* Debug */,
				C391750A1DB8400500B17FFC /* Release */,
			);
			defaultConfigurationIsVisible = 0;
			defaultConfigurationName = Release;
		};
/* End XCConfigurationList section */
	};
	rootObject = C39174D21DB8400400B17FFC /* Project object */;
}
